# kai.lock — generated by kai-pkg. Do not edit by hand.
#
# Pin every git dependency to a specific commit so two runs from
# the same lock produce byte-identical builds.

[[package]]
name = "terevaka"
source = "github.com/kaikailang-org/terevaka"
ref = "main"
sha = "1e8a932017f43982434459cf0c33f5d2df2b4a33"

