# kai.lock — generated by kai-pkg. Do not edit by hand.
#
# Pin every git dependency to a specific commit so two runs from
# the same lock produce byte-identical builds.

[[package]]
name = "terevaka"
source = "github.com/kaikailang-org/terevaka"
ref = "main"
sha = "bc27e661562cce4a6574896af8b96b2937b4d000"

